
Microsoft Visual Studio Solution File, Format Version 12.00
# Visual Studio 15
VisualStudioVersion = 15.0.28307.852
MinimumVisualStudioVersion = 10.0.40219.1
Project("{FAE04EC0-301F-11D3-BF4B-00C04F79EFBC}") = "SoccerUpdated", "SoccerUpdated\SoccerUpdated.csproj", "{F302729D-B480-4AD3-AA54-1033F7FE8466}"
EndProject
Global
	GlobalSection(SolutionConfigurationPlatforms) = preSolution
		Debug|Any CPU = Debug|Any CPU
		Release|Any CPU = Release|Any CPU
	EndGlobalSection
	GlobalSection(ProjectConfigurationPlatforms) = postSolution
		{F302729D-B480-4AD3-AA54-1033F7FE8466}.Debug|Any CPU.ActiveCfg = Debug|Any CPU
		{F302729D-B480-4AD3-AA54-1033F7FE8466}.Debug|Any CPU.Build.0 = Debug|Any CPU
		{F302729D-B480-4AD3-AA54-1033F7FE8466}.Release|Any CPU.ActiveCfg = Release|Any CPU
		{F302729D-B480-4AD3-AA54-1033F7FE8466}.Release|Any CPU.Build.0 = Release|Any CPU
	EndGlobalSection
	GlobalSection(SolutionProperties) = preSolution
		HideSolutionNode = FALSE
	EndGlobalSection
	GlobalSection(ExtensibilityGlobals) = postSolution
		SolutionGuid = {D2BA713C-B3FA-4672-8557-137CAC2AD02A}
	EndGlobalSection
EndGlobal
